
Microsoft Visual Studio Solution File, Format Version 12.00
# Visual Studio Version 17
VisualStudioVersion = 17.0.31903.59
MinimumVisualStudioVersion = 10.0.40219.1
Project("{FAE04EC0-301F-11D3-BF4B-00C04F79EFBC}") = "DatPhongNhanh.Oauth.Web", "src\DatPhongNhanh.Oauth.Web\DatPhongNhanh.Oauth.Web.csproj", "{C11AC51C-F430-4AEC-88AD-8B2AE88CBF53}"
EndProject
Global
	GlobalSection(SolutionConfigurationPlatforms) = preSolution
		Debug|Any CPU = Debug|Any CPU
		Release|Any CPU = Release|Any CPU
	EndGlobalSection
	GlobalSection(ProjectConfigurationPlatforms) = postSolution
		{C11AC51C-F430-4AEC-88AD-8B2AE88CBF53}.Debug|Any CPU.ActiveCfg = Debug|Any CPU
		{C11AC51C-F430-4AEC-88AD-8B2AE88CBF53}.Debug|Any CPU.Build.0 = Debug|Any CPU
		{C11AC51C-F430-4AEC-88AD-8B2AE88CBF53}.Release|Any CPU.ActiveCfg = Release|Any CPU
		{C11AC51C-F430-4AEC-88AD-8B2AE88CBF53}.Release|Any CPU.Build.0 = Release|Any CPU
	EndGlobalSection
	GlobalSection(SolutionProperties) = preSolution
		HideSolutionNode = FALSE
	EndGlobalSection
	GlobalSection(ExtensibilityGlobals) = postSolution
		SolutionGuid = {3B2AB214-1354-40D0-93A8-E0FD37C6A68C}
	EndGlobalSection
EndGlobal
