
Microsoft Visual Studio Solution File, Format Version 12.00
# Visual Studio Version 17
VisualStudioVersion = 17.9.34728.123
MinimumVisualStudioVersion = 10.0.40219.1
Project("{2150E333-8FDC-42A3-9474-1A3956D46DE8}") = "_SolutionItems", "_SolutionItems", "{4B39C63E-1714-448D-BAC6-9DD649AB9CFE}"
	ProjectSection(SolutionItems) = preProject
		.gitignore = .gitignore
		README.md = README.md
	EndProjectSection
EndProject
Project("{2150E333-8FDC-42A3-9474-1A3956D46DE8}") = "docker", "docker", "{A257D112-2992-49B5-AC38-5B357E25BE83}"
	ProjectSection(SolutionItems) = preProject
		docker\docker-compose-app.yml = docker\docker-compose-app.yml
		docker\docker-compose-infras.yml = docker\docker-compose-infras.yml
	EndProjectSection
EndProject
Project("{2150E333-8FDC-42A3-9474-1A3956D46DE8}") = "docs", "docs", "{C5D978FE-D177-4C43-92C5-7222F1F8BC7A}"
EndProject
Project("{2150E333-8FDC-42A3-9474-1A3956D46DE8}") = "Migrations", "Migrations", "{3AF0CAA5-A5CA-4082-A2C7-3D9F466AD228}"
	ProjectSection(SolutionItems) = preProject
		docs\migrations\README.md = docs\migrations\README.md
	EndProjectSection
EndProject
Project("{2150E333-8FDC-42A3-9474-1A3956D46DE8}") = "Data", "Data", "{B19A671A-3717-466A-AF86-D2B2A0EC2CB1}"
EndProject
Project("{2150E333-8FDC-42A3-9474-1A3956D46DE8}") = "Business", "Business", "{2C825B08-E214-4DA4-A5C0-B1C04FA55090}"
EndProject
Project("{9A19103F-16F7-4668-BE54-9A1E7A4F7556}") = "DatPhongNhanh.SharedKernel", "src\DatPhongNhanh.SharedKernel\DatPhongNhanh.SharedKernel.csproj", "{0D181FB7-6A57-42E8-B56C-4A284B829996}"
EndProject
Project("{9A19103F-16F7-4668-BE54-9A1E7A4F7556}") = "DatPhongNhanh.Data", "src\DatPhongNhanh.Data\DatPhongNhanh.Data.csproj", "{53AC556B-58A8-45AD-9180-99B65731F6F2}"
EndProject
Project("{9A19103F-16F7-4668-BE54-9A1E7A4F7556}") = "DatPhongNhanh.Data.PostgreSql", "src\DatPhongNhanh.Data.PostgreSql\DatPhongNhanh.Data.PostgreSql.csproj", "{494BC6CC-1266-4481-A447-0921C0269DBA}"
EndProject
Project("{9A19103F-16F7-4668-BE54-9A1E7A4F7556}") = "DatPhongNhanh.BusinessLogic", "src\DatPhongNhanh.BusinessLogic\DatPhongNhanh.BusinessLogic.csproj", "{74B3D3E3-8AB3-4B7D-A95F-52C1D4D035B6}"
EndProject
Project("{2150E333-8FDC-42A3-9474-1A3956D46DE8}") = "Web", "Web", "{866884FD-1B44-4147-82F2-7D1EF0D2FB83}"
EndProject
Project("{9A19103F-16F7-4668-BE54-9A1E7A4F7556}") = "DatPhongNhanh.WebApi", "src\DatPhongNhanh.WebApiV1\DatPhongNhanh.WebApi.csproj", "{01A3DB83-82F3-41C6-AFFF-7D612D13BCF5}"
EndProject
Project("{2150E333-8FDC-42A3-9474-1A3956D46DE8}") = "tests", "tests", "{02EA681E-C7D8-13C7-8484-4AC65E1B71E8}"
EndProject
Project("{FAE04EC0-301F-11D3-BF4B-00C04F79EFBC}") = "DatPhongNhanh.WebApi.UnitTest", "src\DatPhongNhanh.WebApi.UnitTest\DatPhongNhanh.WebApi.UnitTest.csproj", "{1A3CB483-E62A-464D-B0C2-3EF7551B8EB0}"
EndProject
Global
	GlobalSection(SolutionConfigurationPlatforms) = preSolution
		Debug|Any CPU = Debug|Any CPU
		Release|Any CPU = Release|Any CPU
	EndGlobalSection
	GlobalSection(ProjectConfigurationPlatforms) = postSolution
		{0D181FB7-6A57-42E8-B56C-4A284B829996}.Debug|Any CPU.ActiveCfg = Debug|Any CPU
		{0D181FB7-6A57-42E8-B56C-4A284B829996}.Debug|Any CPU.Build.0 = Debug|Any CPU
		{0D181FB7-6A57-42E8-B56C-4A284B829996}.Release|Any CPU.ActiveCfg = Release|Any CPU
		{0D181FB7-6A57-42E8-B56C-4A284B829996}.Release|Any CPU.Build.0 = Release|Any CPU
		{53AC556B-58A8-45AD-9180-99B65731F6F2}.Debug|Any CPU.ActiveCfg = Debug|Any CPU
		{53AC556B-58A8-45AD-9180-99B65731F6F2}.Debug|Any CPU.Build.0 = Debug|Any CPU
		{53AC556B-58A8-45AD-9180-99B65731F6F2}.Release|Any CPU.ActiveCfg = Release|Any CPU
		{53AC556B-58A8-45AD-9180-99B65731F6F2}.Release|Any CPU.Build.0 = Release|Any CPU
		{494BC6CC-1266-4481-A447-0921C0269DBA}.Debug|Any CPU.ActiveCfg = Debug|Any CPU
		{494BC6CC-1266-4481-A447-0921C0269DBA}.Debug|Any CPU.Build.0 = Debug|Any CPU
		{494BC6CC-1266-4481-A447-0921C0269DBA}.Release|Any CPU.ActiveCfg = Release|Any CPU
		{494BC6CC-1266-4481-A447-0921C0269DBA}.Release|Any CPU.Build.0 = Release|Any CPU
		{74B3D3E3-8AB3-4B7D-A95F-52C1D4D035B6}.Debug|Any CPU.ActiveCfg = Debug|Any CPU
		{74B3D3E3-8AB3-4B7D-A95F-52C1D4D035B6}.Debug|Any CPU.Build.0 = Debug|Any CPU
		{74B3D3E3-8AB3-4B7D-A95F-52C1D4D035B6}.Release|Any CPU.ActiveCfg = Release|Any CPU
		{74B3D3E3-8AB3-4B7D-A95F-52C1D4D035B6}.Release|Any CPU.Build.0 = Release|Any CPU
		{01A3DB83-82F3-41C6-AFFF-7D612D13BCF5}.Debug|Any CPU.ActiveCfg = Debug|Any CPU
		{01A3DB83-82F3-41C6-AFFF-7D612D13BCF5}.Debug|Any CPU.Build.0 = Debug|Any CPU
		{01A3DB83-82F3-41C6-AFFF-7D612D13BCF5}.Release|Any CPU.ActiveCfg = Release|Any CPU
		{01A3DB83-82F3-41C6-AFFF-7D612D13BCF5}.Release|Any CPU.Build.0 = Release|Any CPU
		{1A3CB483-E62A-464D-B0C2-3EF7551B8EB0}.Debug|Any CPU.ActiveCfg = Debug|Any CPU
		{1A3CB483-E62A-464D-B0C2-3EF7551B8EB0}.Debug|Any CPU.Build.0 = Debug|Any CPU
		{1A3CB483-E62A-464D-B0C2-3EF7551B8EB0}.Release|Any CPU.ActiveCfg = Release|Any CPU
		{1A3CB483-E62A-464D-B0C2-3EF7551B8EB0}.Release|Any CPU.Build.0 = Release|Any CPU
	EndGlobalSection
	GlobalSection(SolutionProperties) = preSolution
		HideSolutionNode = FALSE
	EndGlobalSection
	GlobalSection(NestedProjects) = preSolution
		{A257D112-2992-49B5-AC38-5B357E25BE83} = {4B39C63E-1714-448D-BAC6-9DD649AB9CFE}
		{C5D978FE-D177-4C43-92C5-7222F1F8BC7A} = {4B39C63E-1714-448D-BAC6-9DD649AB9CFE}
		{3AF0CAA5-A5CA-4082-A2C7-3D9F466AD228} = {C5D978FE-D177-4C43-92C5-7222F1F8BC7A}
		{0D181FB7-6A57-42E8-B56C-4A284B829996} = {2C825B08-E214-4DA4-A5C0-B1C04FA55090}
		{53AC556B-58A8-45AD-9180-99B65731F6F2} = {B19A671A-3717-466A-AF86-D2B2A0EC2CB1}
		{494BC6CC-1266-4481-A447-0921C0269DBA} = {B19A671A-3717-466A-AF86-D2B2A0EC2CB1}
		{74B3D3E3-8AB3-4B7D-A95F-52C1D4D035B6} = {2C825B08-E214-4DA4-A5C0-B1C04FA55090}
		{01A3DB83-82F3-41C6-AFFF-7D612D13BCF5} = {866884FD-1B44-4147-82F2-7D1EF0D2FB83}
		{1A3CB483-E62A-464D-B0C2-3EF7551B8EB0} = {02EA681E-C7D8-13C7-8484-4AC65E1B71E8}
	EndGlobalSection
	GlobalSection(ExtensibilityGlobals) = postSolution
		SolutionGuid = {7F89CD78-DAB4-44D5-ABD8-216382A5DEC0}
	EndGlobalSection
EndGlobal
